
Microsoft Visual Studio Solution File, Format Version 12.00
# Visual Studio Version 17
VisualStudioVersion = 17.11.35312.102
MinimumVisualStudioVersion = 10.0.40219.1
Project("{FAE04EC0-301F-11D3-BF4B-00C04F79EFBC}") = "PB503-ClassTask", "PB503-ClassTask\PB503-ClassTask.csproj", "{5BEDEC59-B1D4-4A8A-80E3-ECA400E4079F}"
EndProject
Global
	GlobalSection(SolutionConfigurationPlatforms) = preSolution
		Debug|Any CPU = Debug|Any CPU
		Release|Any CPU = Release|Any CPU
	EndGlobalSection
	GlobalSection(ProjectConfigurationPlatforms) = postSolution
		{5BEDEC59-B1D4-4A8A-80E3-ECA400E4079F}.Debug|Any CPU.ActiveCfg = Debug|Any CPU
		{5BEDEC59-B1D4-4A8A-80E3-ECA400E4079F}.Debug|Any CPU.Build.0 = Debug|Any CPU
		{5BEDEC59-B1D4-4A8A-80E3-ECA400E4079F}.Release|Any CPU.ActiveCfg = Release|Any CPU
		{5BEDEC59-B1D4-4A8A-80E3-ECA400E4079F}.Release|Any CPU.Build.0 = Release|Any CPU
	EndGlobalSection
	GlobalSection(SolutionProperties) = preSolution
		HideSolutionNode = FALSE
	EndGlobalSection
	GlobalSection(ExtensibilityGlobals) = postSolution
		SolutionGuid = {EA6A97BA-C69F-4D4F-A052-066FE2E3E23F}
	EndGlobalSection
EndGlobal
